{
    "name": "@remvst/game-model-sound",
    "version": "1.5.1",
    "lockfileVersion": 3,
    "requires": true,
    "packages": {
        "": {
            "name": "@remvst/game-model-sound",
            "version": "1.5.1",
            "license": "UNLICENSED",
            "dependencies": {
                "@remvst/optimization": "^1.0.1"
            },
            "devDependencies": {
                "@remvst/game-model": "^4.22.3",
                "@types/howler": "^2.2.7",
                "prettier": "3.2.5",
                "prettier-plugin-organize-imports": "^3.2.4",
                "typescript": "^5.4.5"
            },
            "peerDependencies": {
                "@remvst/game-model": "^4.22.2",
                "@remvst/geometry": "^2.6.0",
                "howler": "^2.2.3"
            }
        },
        "node_modules/@remvst/animate.js": {
            "version": "3.1.0",
            "resolved": "https://registry.npmjs.org/@remvst/animate.js/-/animate.js-3.1.0.tgz",
            "integrity": "sha512-pfDRCRPVVmfVoHp4F7txQLozJZ0QDPvdBIK1+yaz9VLRIDARqJ7CoJI9yghUZpjGtoXGw+Ffd0HzSxpmYopU3A==",
            "dev": true,
            "dependencies": {
                "typescript": "^5.2.2"
            }
        },
        "node_modules/@remvst/configurable": {
            "version": "1.5.1",
            "resolved": "https://registry.npmjs.org/@remvst/configurable/-/configurable-1.5.1.tgz",
            "integrity": "sha512-Ob1XW4zYJSzy5iVVKjlmTYyIm+NedBy/oh4dTSaZrAbnEdTo3b6/ydNiOKpiw3AZDYGfApvcuDdWcg4ZpL0mWg==",
            "dev": true,
            "dependencies": {
                "typescript": "^4.1.3"
            }
        },
        "node_modules/@remvst/configurable/node_modules/typescript": {
            "version": "4.9.5",
            "resolved": "https://registry.npmjs.org/typescript/-/typescript-4.9.5.tgz",
            "integrity": "sha512-1FXk9E2Hm+QzZQ7z+McJiHL4NW1F2EzMu9Nq9i3zAaGqibafqYwCVU6WyWAuyQRRzOlxou8xZSyXLEN8oKj24g==",
            "dev": true,
            "bin": {
                "tsc": "bin/tsc",
                "tsserver": "bin/tsserver"
            },
            "engines": {
                "node": ">=4.2.0"
            }
        },
        "node_modules/@remvst/game-model": {
            "version": "4.22.3",
            "resolved": "https://registry.npmjs.org/@remvst/game-model/-/game-model-4.22.3.tgz",
            "integrity": "sha512-cupijiezOs2RAE0QkU0rlGoYbhrjbKwnu6w6kDjTNOPF4bRK5UvJVCVob1GyStpbGxvkaSTrWMQPvBDTKhxFYw==",
            "dev": true,
            "dependencies": {
                "@remvst/animate.js": "^3.0.0",
                "@remvst/configurable": "^1.5.1",
                "@remvst/geometry": "^2.5.1",
                "rxjs": "^7.8.0",
                "uuid": "^9.0.0"
            }
        },
        "node_modules/@remvst/geometry": {
            "version": "2.6.0",
            "resolved": "https://registry.npmjs.org/@remvst/geometry/-/geometry-2.6.0.tgz",
            "integrity": "sha512-bv9VSyqM+f3UXukZoYniQd5wOrz+Wwjy2zFwlDlU2zHi+ftVro7zEI5sgbBRc43N9iQ8KDnQX/+WDR0stE71Ng=="
        },
        "node_modules/@remvst/optimization": {
            "version": "1.0.1",
            "resolved": "https://registry.npmjs.org/@remvst/optimization/-/optimization-1.0.1.tgz",
            "integrity": "sha512-wVAt1vMPAMgANZdhptI/rTRDJWTCXq9dM9zzZJzTe913jnVwJm1athOekNgWb1MCEkiF7Vf4KysGmIXmByqbYQ=="
        },
        "node_modules/@types/howler": {
            "version": "2.2.11",
            "resolved": "https://registry.npmjs.org/@types/howler/-/howler-2.2.11.tgz",
            "integrity": "sha512-7aBoUL6RbSIrqKnpEgfa1wSNUBK06mn08siP2QI0zYk7MXfEJAaORc4tohamQYqCqVESoDyRWSdQn2BOKWj2Qw==",
            "dev": true
        },
        "node_modules/howler": {
            "version": "2.2.4",
            "resolved": "https://registry.npmjs.org/howler/-/howler-2.2.4.tgz",
            "integrity": "sha512-iARIBPgcQrwtEr+tALF+rapJ8qSc+Set2GJQl7xT1MQzWaVkFebdJhR3alVlSiUf5U7nAANKuj3aWpwerocD5w==",
            "peer": true
        },
        "node_modules/prettier": {
            "version": "3.2.5",
            "resolved": "https://registry.npmjs.org/prettier/-/prettier-3.2.5.tgz",
            "integrity": "sha512-3/GWa9aOC0YeD7LUfvOG2NiDyhOWRvt1k+rcKhOuYnMY24iiCphgneUfJDyFXd6rZCAnuLBv6UeAULtrhT/F4A==",
            "dev": true,
            "bin": {
                "prettier": "bin/prettier.cjs"
            },
            "engines": {
                "node": ">=14"
            },
            "funding": {
                "url": "https://github.com/prettier/prettier?sponsor=1"
            }
        },
        "node_modules/prettier-plugin-organize-imports": {
            "version": "3.2.4",
            "resolved": "https://registry.npmjs.org/prettier-plugin-organize-imports/-/prettier-plugin-organize-imports-3.2.4.tgz",
            "integrity": "sha512-6m8WBhIp0dfwu0SkgfOxJqh+HpdyfqSSLfKKRZSFbDuEQXDDndb8fTpRWkUrX/uBenkex3MgnVk0J3b3Y5byog==",
            "dev": true,
            "peerDependencies": {
                "@volar/vue-language-plugin-pug": "^1.0.4",
                "@volar/vue-typescript": "^1.0.4",
                "prettier": ">=2.0",
                "typescript": ">=2.9"
            },
            "peerDependenciesMeta": {
                "@volar/vue-language-plugin-pug": {
                    "optional": true
                },
                "@volar/vue-typescript": {
                    "optional": true
                }
            }
        },
        "node_modules/rxjs": {
            "version": "7.8.1",
            "resolved": "https://registry.npmjs.org/rxjs/-/rxjs-7.8.1.tgz",
            "integrity": "sha512-AA3TVj+0A2iuIoQkWEK/tqFjBq2j+6PO6Y0zJcvzLAFhEFIO3HL0vls9hWLncZbAAbK0mar7oZ4V079I/qPMxg==",
            "dev": true,
            "dependencies": {
                "tslib": "^2.1.0"
            }
        },
        "node_modules/tslib": {
            "version": "2.4.0",
            "resolved": "https://registry.npmjs.org/tslib/-/tslib-2.4.0.tgz",
            "integrity": "sha512-d6xOpEDfsi2CZVlPQzGeux8XMwLT9hssAsaPYExaQMuYskwb+x1x7J371tWlbBdWHroy99KnVB6qIkUbs5X3UQ==",
            "dev": true
        },
        "node_modules/typescript": {
            "version": "5.4.5",
            "resolved": "https://registry.npmjs.org/typescript/-/typescript-5.4.5.tgz",
            "integrity": "sha512-vcI4UpRgg81oIRUFwR0WSIHKt11nJ7SAVlYNIu+QpqeyXP+gpQJy/Z4+F0aGxSE4MqwjyXvW/TzgkLAx2AGHwQ==",
            "dev": true,
            "bin": {
                "tsc": "bin/tsc",
                "tsserver": "bin/tsserver"
            },
            "engines": {
                "node": ">=14.17"
            }
        },
        "node_modules/uuid": {
            "version": "9.0.0",
            "resolved": "https://registry.npmjs.org/uuid/-/uuid-9.0.0.tgz",
            "integrity": "sha512-MXcSTerfPa4uqyzStbRoTgt5XIe3x5+42+q1sDuy3R5MDk66URdLMOZe5aPX/SQd+kuYAh0FdP/pO28IkQyTeg==",
            "dev": true,
            "bin": {
                "uuid": "dist/bin/uuid"
            }
        }
    }
}
